
Microsoft Visual Studio Solution File, Format Version 12.00
# Visual Studio Version 17
VisualStudioVersion = 17.14.36212.18 d17.14
MinimumVisualStudioVersion = 10.0.40219.1
Project("{FAE04EC0-301F-11D3-BF4B-00C04F79EFBC}") = "TouristOrg.Domain", "TouristOrg.Domain\TouristOrg.Domain.csproj", "{E487C0E3-EEFA-4CD2-9E83-FB11D113E6E2}"
EndProject
Project("{FAE04EC0-301F-11D3-BF4B-00C04F79EFBC}") = "TouristOrg.Application", "TouristOrg.Application\TouristOrg.Application.csproj", "{AF69495B-6208-454E-937D-CC4599CA5F39}"
EndProject
Project("{FAE04EC0-301F-11D3-BF4B-00C04F79EFBC}") = "TouristOrg.Infrastructure", "TouristOrg.Infrastructure\TouristOrg.Infrastructure.csproj", "{863D2B29-A123-4A57-992E-6D34AD85B057}"
EndProject
Project("{FAE04EC0-301F-11D3-BF4B-00C04F79EFBC}") = "TouristOrg.Api", "TouristOrg.Api\TouristOrg.Api.csproj", "{4DEEDA0A-D34F-4ADB-8D69-9221E3C1009D}"
EndProject
Global
	GlobalSection(SolutionConfigurationPlatforms) = preSolution
		Debug|Any CPU = Debug|Any CPU
		Release|Any CPU = Release|Any CPU
	EndGlobalSection
	GlobalSection(ProjectConfigurationPlatforms) = postSolution
		{E487C0E3-EEFA-4CD2-9E83-FB11D113E6E2}.Debug|Any CPU.ActiveCfg = Debug|Any CPU
		{E487C0E3-EEFA-4CD2-9E83-FB11D113E6E2}.Debug|Any CPU.Build.0 = Debug|Any CPU
		{E487C0E3-EEFA-4CD2-9E83-FB11D113E6E2}.Release|Any CPU.ActiveCfg = Release|Any CPU
		{E487C0E3-EEFA-4CD2-9E83-FB11D113E6E2}.Release|Any CPU.Build.0 = Release|Any CPU
		{AF69495B-6208-454E-937D-CC4599CA5F39}.Debug|Any CPU.ActiveCfg = Debug|Any CPU
		{AF69495B-6208-454E-937D-CC4599CA5F39}.Debug|Any CPU.Build.0 = Debug|Any CPU
		{AF69495B-6208-454E-937D-CC4599CA5F39}.Release|Any CPU.ActiveCfg = Release|Any CPU
		{AF69495B-6208-454E-937D-CC4599CA5F39}.Release|Any CPU.Build.0 = Release|Any CPU
		{863D2B29-A123-4A57-992E-6D34AD85B057}.Debug|Any CPU.ActiveCfg = Debug|Any CPU
		{863D2B29-A123-4A57-992E-6D34AD85B057}.Debug|Any CPU.Build.0 = Debug|Any CPU
		{863D2B29-A123-4A57-992E-6D34AD85B057}.Release|Any CPU.ActiveCfg = Release|Any CPU
		{863D2B29-A123-4A57-992E-6D34AD85B057}.Release|Any CPU.Build.0 = Release|Any CPU
		{4DEEDA0A-D34F-4ADB-8D69-9221E3C1009D}.Debug|Any CPU.ActiveCfg = Debug|Any CPU
		{4DEEDA0A-D34F-4ADB-8D69-9221E3C1009D}.Debug|Any CPU.Build.0 = Debug|Any CPU
		{4DEEDA0A-D34F-4ADB-8D69-9221E3C1009D}.Release|Any CPU.ActiveCfg = Release|Any CPU
		{4DEEDA0A-D34F-4ADB-8D69-9221E3C1009D}.Release|Any CPU.Build.0 = Release|Any CPU
	EndGlobalSection
	GlobalSection(SolutionProperties) = preSolution
		HideSolutionNode = FALSE
	EndGlobalSection
	GlobalSection(ExtensibilityGlobals) = postSolution
		SolutionGuid = {72DD6D5A-52B4-4DAC-B0CD-C2FA4E1CAE12}
	EndGlobalSection
EndGlobal
