
Microsoft Visual Studio Solution File, Format Version 12.00
# Visual Studio Version 18
VisualStudioVersion = 18.5.11716.220 stable
MinimumVisualStudioVersion = 10.0.40219.1
Project("{FAE04EC0-301F-11D3-BF4B-00C04F79EFBC}") = "Mcp", "Mcp.csproj", "{61D15E5B-4CB1-5F64-E753-67046185B6B3}"
EndProject
Global
	GlobalSection(SolutionConfigurationPlatforms) = preSolution
		Debug|Any CPU = Debug|Any CPU
		Release|Any CPU = Release|Any CPU
	EndGlobalSection
	GlobalSection(ProjectConfigurationPlatforms) = postSolution
		{61D15E5B-4CB1-5F64-E753-67046185B6B3}.Debug|Any CPU.ActiveCfg = Debug|Any CPU
		{61D15E5B-4CB1-5F64-E753-67046185B6B3}.Debug|Any CPU.Build.0 = Debug|Any CPU
		{61D15E5B-4CB1-5F64-E753-67046185B6B3}.Release|Any CPU.ActiveCfg = Release|Any CPU
		{61D15E5B-4CB1-5F64-E753-67046185B6B3}.Release|Any CPU.Build.0 = Release|Any CPU
	EndGlobalSection
	GlobalSection(SolutionProperties) = preSolution
		HideSolutionNode = FALSE
	EndGlobalSection
	GlobalSection(ExtensibilityGlobals) = postSolution
		SolutionGuid = {BD4865EC-F341-405A-88B3-58739850CBA5}
	EndGlobalSection
EndGlobal
